
Microsoft Visual Studio Solution File, Format Version 12.00
# Visual Studio Version 16
VisualStudioVersion = 16.0.29509.3
MinimumVisualStudioVersion = 10.0.40219.1
Project("{9A19103F-16F7-4668-BE54-9A1E7A4F7556}") = "Presentation.Api", "src\Presentation.Api\Presentation.Api.csproj", "{4AD0D463-9EBA-432D-8881-1B7E7FA89C60}"
EndProject
Project("{9A19103F-16F7-4668-BE54-9A1E7A4F7556}") = "Application.Dto", "src\Application.Dto\Application.Dto.csproj", "{64EAB85F-B607-4977-8A1B-2C481942EB3C}"
EndProject
Project("{FAE04EC0-301F-11D3-BF4B-00C04F79EFBC}") = "Application.Services", "src\Application.Services\Application.Services.csproj", "{0274801A-09A1-4998-BAF6-1469B4190E13}"
EndProject
Project("{FAE04EC0-301F-11D3-BF4B-00C04F79EFBC}") = "Data.Repository", "src\Data.Repository\Data.Repository.csproj", "{421D7A52-22E9-472B-8D6D-0666C3E07667}"
EndProject
Project("{FAE04EC0-301F-11D3-BF4B-00C04F79EFBC}") = "Data.Model", "Data.Model\Data.Model.csproj", "{52572579-CDBD-44B2-8063-4A7CA2DDB24E}"
EndProject
Project("{2150E333-8FDC-42A3-9474-1A3956D46DE8}") = "tests", "tests", "{C855466F-3745-4498-A00D-8F80D686D836}"
EndProject
Project("{FAE04EC0-301F-11D3-BF4B-00C04F79EFBC}") = "Application.Services.Tests", "tests\Application.Services.Tests\Application.Services.Tests.csproj", "{727BD549-798C-4D5B-8ECC-CC180EDD2F2D}"
EndProject
Global
	GlobalSection(SolutionConfigurationPlatforms) = preSolution
		Debug|Any CPU = Debug|Any CPU
		Release|Any CPU = Release|Any CPU
	EndGlobalSection
	GlobalSection(ProjectConfigurationPlatforms) = postSolution
		{4AD0D463-9EBA-432D-8881-1B7E7FA89C60}.Debug|Any CPU.ActiveCfg = Debug|Any CPU
		{4AD0D463-9EBA-432D-8881-1B7E7FA89C60}.Debug|Any CPU.Build.0 = Debug|Any CPU
		{4AD0D463-9EBA-432D-8881-1B7E7FA89C60}.Release|Any CPU.ActiveCfg = Release|Any CPU
		{4AD0D463-9EBA-432D-8881-1B7E7FA89C60}.Release|Any CPU.Build.0 = Release|Any CPU
		{64EAB85F-B607-4977-8A1B-2C481942EB3C}.Debug|Any CPU.ActiveCfg = Debug|Any CPU
		{64EAB85F-B607-4977-8A1B-2C481942EB3C}.Debug|Any CPU.Build.0 = Debug|Any CPU
		{64EAB85F-B607-4977-8A1B-2C481942EB3C}.Release|Any CPU.ActiveCfg = Release|Any CPU
		{64EAB85F-B607-4977-8A1B-2C481942EB3C}.Release|Any CPU.Build.0 = Release|Any CPU
		{0274801A-09A1-4998-BAF6-1469B4190E13}.Debug|Any CPU.ActiveCfg = Debug|Any CPU
		{0274801A-09A1-4998-BAF6-1469B4190E13}.Debug|Any CPU.Build.0 = Debug|Any CPU
		{0274801A-09A1-4998-BAF6-1469B4190E13}.Release|Any CPU.ActiveCfg = Release|Any CPU
		{0274801A-09A1-4998-BAF6-1469B4190E13}.Release|Any CPU.Build.0 = Release|Any CPU
		{421D7A52-22E9-472B-8D6D-0666C3E07667}.Debug|Any CPU.ActiveCfg = Debug|Any CPU
		{421D7A52-22E9-472B-8D6D-0666C3E07667}.Debug|Any CPU.Build.0 = Debug|Any CPU
		{421D7A52-22E9-472B-8D6D-0666C3E07667}.Release|Any CPU.ActiveCfg = Release|Any CPU
		{421D7A52-22E9-472B-8D6D-0666C3E07667}.Release|Any CPU.Build.0 = Release|Any CPU
		{52572579-CDBD-44B2-8063-4A7CA2DDB24E}.Debug|Any CPU.ActiveCfg = Debug|Any CPU
		{52572579-CDBD-44B2-8063-4A7CA2DDB24E}.Debug|Any CPU.Build.0 = Debug|Any CPU
		{52572579-CDBD-44B2-8063-4A7CA2DDB24E}.Release|Any CPU.ActiveCfg = Release|Any CPU
		{52572579-CDBD-44B2-8063-4A7CA2DDB24E}.Release|Any CPU.Build.0 = Release|Any CPU
		{727BD549-798C-4D5B-8ECC-CC180EDD2F2D}.Debug|Any CPU.ActiveCfg = Debug|Any CPU
		{727BD549-798C-4D5B-8ECC-CC180EDD2F2D}.Debug|Any CPU.Build.0 = Debug|Any CPU
		{727BD549-798C-4D5B-8ECC-CC180EDD2F2D}.Release|Any CPU.ActiveCfg = Release|Any CPU
		{727BD549-798C-4D5B-8ECC-CC180EDD2F2D}.Release|Any CPU.Build.0 = Release|Any CPU
	EndGlobalSection
	GlobalSection(SolutionProperties) = preSolution
		HideSolutionNode = FALSE
	EndGlobalSection
	GlobalSection(NestedProjects) = preSolution
		{727BD549-798C-4D5B-8ECC-CC180EDD2F2D} = {C855466F-3745-4498-A00D-8F80D686D836}
	EndGlobalSection
	GlobalSection(ExtensibilityGlobals) = postSolution
		SolutionGuid = {FC61C19F-F54E-45A1-994A-7AAD9CAA2FA7}
	EndGlobalSection
EndGlobal
